# This file is autogenerated, do not edit; changes may be undone by the next 'dep ensure'.


[[projects]]
  branch = "master"
  name = "github.com/iovisor/gobpf"
  packages = ["elf","pkg/bpffs","pkg/cpuonline"]
  revision = "cb56c56029cc7ea77ff468312501de68b5ad530f"

[solve-meta]
  analyzer-name = "dep"
  analyzer-version = 1
  inputs-digest = "957b6adbab6551ed5f3f971614c04d481158378c71df8fca18fcdf67e2095831"
  solver-name = "gps-cdcl"
  solver-version = 1
